
Microsoft Visual Studio Solution File, Format Version 12.00
# Visual Studio Version 17
VisualStudioVersion = 17.8.34316.72
MinimumVisualStudioVersion = 10.0.40219.1
Project("{9A19103F-16F7-4668-BE54-9A1E7A4F7556}") = "GCCode.Net", "GCCode.Net.csproj", "{8FD046E8-F3D3-4787-AE85-A6478CF3DB2A}"
EndProject
Global
	GlobalSection(SolutionConfigurationPlatforms) = preSolution
		Debug|Any CPU = Debug|Any CPU
		Release|Any CPU = Release|Any CPU
	EndGlobalSection
	GlobalSection(ProjectConfigurationPlatforms) = postSolution
		{8FD046E8-F3D3-4787-AE85-A6478CF3DB2A}.Debug|Any CPU.ActiveCfg = Debug|Any CPU
		{8FD046E8-F3D3-4787-AE85-A6478CF3DB2A}.Debug|Any CPU.Build.0 = Debug|Any CPU
		{8FD046E8-F3D3-4787-AE85-A6478CF3DB2A}.Release|Any CPU.ActiveCfg = Release|Any CPU
		{8FD046E8-F3D3-4787-AE85-A6478CF3DB2A}.Release|Any CPU.Build.0 = Release|Any CPU
	EndGlobalSection
	GlobalSection(SolutionProperties) = preSolution
		HideSolutionNode = FALSE
	EndGlobalSection
	GlobalSection(ExtensibilityGlobals) = postSolution
		SolutionGuid = {740F4F22-22ED-4462-AAB5-EF7552C6E330}
	EndGlobalSection
EndGlobal
